
Microsoft Visual Studio Solution File, Format Version 12.00
# Visual Studio Version 16
VisualStudioVersion = 16.0.29709.97
MinimumVisualStudioVersion = 10.0.40219.1
Project("{FAE04EC0-301F-11D3-BF4B-00C04F79EFBC}") = "HOB_Mobile.UWP", "HOB_Mobile\HOB_Mobile.UWP\HOB_Mobile.UWP.csproj", "{51C7C6E6-E57E-4B24-8E23-B4650BD28595}"
EndProject
Project("{FAE04EC0-301F-11D3-BF4B-00C04F79EFBC}") = "HOB_Mobile.Android", "HOB_Mobile\HOB_Mobile.Android\HOB_Mobile.Android.csproj", "{BE96255A-2606-4388-BFF3-6ED426CEA2FD}"
EndProject
Project("{FAE04EC0-301F-11D3-BF4B-00C04F79EFBC}") = "HOB_Mobile.iOS", "HOB_Mobile\HOB_Mobile.iOS\HOB_Mobile.iOS.csproj", "{D600779D-FC27-4101-890E-947F6F98700D}"
EndProject
Project("{9A19103F-16F7-4668-BE54-9A1E7A4F7556}") = "HOB_Mobile", "HOB_Mobile\HOB_Mobile\HOB_Mobile.csproj", "{908E089C-1528-41AC-B01F-2D657A3D7131}"
EndProject
Global
	GlobalSection(SolutionConfigurationPlatforms) = preSolution
		Debug|Any CPU = Debug|Any CPU
		Debug|ARM = Debug|ARM
		Debug|iPhone = Debug|iPhone
		Debug|iPhoneSimulator = Debug|iPhoneSimulator
		Debug|x64 = Debug|x64
		Debug|x86 = Debug|x86
		Release|Any CPU = Release|Any CPU
		Release|ARM = Release|ARM
		Release|iPhone = Release|iPhone
		Release|iPhoneSimulator = Release|iPhoneSimulator
		Release|x64 = Release|x64
		Release|x86 = Release|x86
	EndGlobalSection
	GlobalSection(ProjectConfigurationPlatforms) = postSolution
		{51C7C6E6-E57E-4B24-8E23-B4650BD28595}.Debug|Any CPU.ActiveCfg = Debug|x86
		{51C7C6E6-E57E-4B24-8E23-B4650BD28595}.Debug|Any CPU.Build.0 = Debug|x86
		{51C7C6E6-E57E-4B24-8E23-B4650BD28595}.Debug|Any CPU.Deploy.0 = Debug|x86
		{51C7C6E6-E57E-4B24-8E23-B4650BD28595}.Debug|ARM.ActiveCfg = Debug|ARM
		{51C7C6E6-E57E-4B24-8E23-B4650BD28595}.Debug|ARM.Build.0 = Debug|ARM
		{51C7C6E6-E57E-4B24-8E23-B4650BD28595}.Debug|ARM.Deploy.0 = Debug|ARM
		{51C7C6E6-E57E-4B24-8E23-B4650BD28595}.Debug|iPhone.ActiveCfg = Debug|x86
		{51C7C6E6-E57E-4B24-8E23-B4650BD28595}.Debug|iPhone.Build.0 = Debug|x86
		{51C7C6E6-E57E-4B24-8E23-B4650BD28595}.Debug|iPhone.Deploy.0 = Debug|x86
		{51C7C6E6-E57E-4B24-8E23-B4650BD28595}.Debug|iPhoneSimulator.ActiveCfg = Debug|x86
		{51C7C6E6-E57E-4B24-8E23-B4650BD28595}.Debug|iPhoneSimulator.Build.0 = Debug|x86
		{51C7C6E6-E57E-4B24-8E23-B4650BD28595}.Debug|iPhoneSimulator.Deploy.0 = Debug|x86
		{51C7C6E6-E57E-4B24-8E23-B4650BD28595}.Debug|x64.ActiveCfg = Debug|x64
		{51C7C6E6-E57E-4B24-8E23-B4650BD28595}.Debug|x64.Build.0 = Debug|x64
		{51C7C6E6-E57E-4B24-8E23-B4650BD28595}.Debug|x64.Deploy.0 = Debug|x64
		{51C7C6E6-E57E-4B24-8E23-B4650BD28595}.Debug|x86.ActiveCfg = Debug|x86
		{51C7C6E6-E57E-4B24-8E23-B4650BD28595}.Debug|x86.Build.0 = Debug|x86
		{51C7C6E6-E57E-4B24-8E23-B4650BD28595}.Debug|x86.Deploy.0 = Debug|x86
		{51C7C6E6-E57E-4B24-8E23-B4650BD28595}.Release|Any CPU.ActiveCfg = Release|x86
		{51C7C6E6-E57E-4B24-8E23-B4650BD28595}.Release|Any CPU.Build.0 = Release|x86
		{51C7C6E6-E57E-4B24-8E23-B4650BD28595}.Release|Any CPU.Deploy.0 = Release|x86
		{51C7C6E6-E57E-4B24-8E23-B4650BD28595}.Release|ARM.ActiveCfg = Release|ARM
		{51C7C6E6-E57E-4B24-8E23-B4650BD28595}.Release|ARM.Build.0 = Release|ARM
		{51C7C6E6-E57E-4B24-8E23-B4650BD28595}.Release|ARM.Deploy.0 = Release|ARM
		{51C7C6E6-E57E-4B24-8E23-B4650BD28595}.Release|iPhone.ActiveCfg = Release|x86
		{51C7C6E6-E57E-4B24-8E23-B4650BD28595}.Release|iPhone.Build.0 = Release|x86
		{51C7C6E6-E57E-4B24-8E23-B4650BD28595}.Release|iPhone.Deploy.0 = Release|x86
		{51C7C6E6-E57E-4B24-8E23-B4650BD28595}.Release|iPhoneSimulator.ActiveCfg = Release|x86
		{51C7C6E6-E57E-4B24-8E23-B4650BD28595}.Release|iPhoneSimulator.Build.0 = Release|x86
		{51C7C6E6-E57E-4B24-8E23-B4650BD28595}.Release|iPhoneSimulator.Deploy.0 = Release|x86
		{51C7C6E6-E57E-4B24-8E23-B4650BD28595}.Release|x64.ActiveCfg = Release|x64
		{51C7C6E6-E57E-4B24-8E23-B4650BD28595}.Release|x64.Build.0 = Release|x64
		{51C7C6E6-E57E-4B24-8E23-B4650BD28595}.Release|x64.Deploy.0 = Release|x64
		{51C7C6E6-E57E-4B24-8E23-B4650BD28595}.Release|x86.ActiveCfg = Release|x86
		{51C7C6E6-E57E-4B24-8E23-B4650BD28595}.Release|x86.Build.0 = Release|x86
		{51C7C6E6-E57E-4B24-8E23-B4650BD28595}.Release|x86.Deploy.0 = Release|x86
		{BE96255A-2606-4388-BFF3-6ED426CEA2FD}.Debug|Any CPU.ActiveCfg = Debug|Any CPU
		{BE96255A-2606-4388-BFF3-6ED426CEA2FD}.Debug|Any CPU.Build.0 = Debug|Any CPU
		{BE96255A-2606-4388-BFF3-6ED426CEA2FD}.Debug|Any CPU.Deploy.0 = Debug|Any CPU
		{BE96255A-2606-4388-BFF3-6ED426CEA2FD}.Debug|ARM.ActiveCfg = Debug|Any CPU
		{BE96255A-2606-4388-BFF3-6ED426CEA2FD}.Debug|ARM.Build.0 = Debug|Any CPU
		{BE96255A-2606-4388-BFF3-6ED426CEA2FD}.Debug|ARM.Deploy.0 = Debug|Any CPU
		{BE96255A-2606-4388-BFF3-6ED426CEA2FD}.Debug|iPhone.ActiveCfg = Debug|Any CPU
		{BE96255A-2606-4388-BFF3-6ED426CEA2FD}.Debug|iPhone.Build.0 = Debug|Any CPU
		{BE96255A-2606-4388-BFF3-6ED426CEA2FD}.Debug|iPhone.Deploy.0 = Debug|Any CPU
		{BE96255A-2606-4388-BFF3-6ED426CEA2FD}.Debug|iPhoneSimulator.ActiveCfg = Debug|Any CPU
		{BE96255A-2606-4388-BFF3-6ED426CEA2FD}.Debug|iPhoneSimulator.Build.0 = Debug|Any CPU
		{BE96255A-2606-4388-BFF3-6ED426CEA2FD}.Debug|iPhoneSimulator.Deploy.0 = Debug|Any CPU
		{BE96255A-2606-4388-BFF3-6ED426CEA2FD}.Debug|x64.ActiveCfg = Debug|Any CPU
		{BE96255A-2606-4388-BFF3-6ED426CEA2FD}.Debug|x64.Build.0 = Debug|Any CPU
		{BE96255A-2606-4388-BFF3-6ED426CEA2FD}.Debug|x64.Deploy.0 = Debug|Any CPU
		{BE96255A-2606-4388-BFF3-6ED426CEA2FD}.Debug|x86.ActiveCfg = Debug|Any CPU
		{BE96255A-2606-4388-BFF3-6ED426CEA2FD}.Debug|x86.Build.0 = Debug|Any CPU
		{BE96255A-2606-4388-BFF3-6ED426CEA2FD}.Debug|x86.Deploy.0 = Debug|Any CPU
		{BE96255A-2606-4388-BFF3-6ED426CEA2FD}.Release|Any CPU.ActiveCfg = Release|Any CPU
		{BE96255A-2606-4388-BFF3-6ED426CEA2FD}.Release|Any CPU.Build.0 = Release|Any CPU
		{BE96255A-2606-4388-BFF3-6ED426CEA2FD}.Release|Any CPU.Deploy.0 = Release|Any CPU
		{BE96255A-2606-4388-BFF3-6ED426CEA2FD}.Release|ARM.ActiveCfg = Release|Any CPU
		{BE96255A-2606-4388-BFF3-6ED426CEA2FD}.Release|ARM.Build.0 = Release|Any CPU
		{BE96255A-2606-4388-BFF3-6ED426CEA2FD}.Release|ARM.Deploy.0 = Release|Any CPU
		{BE96255A-2606-4388-BFF3-6ED426CEA2FD}.Release|iPhone.ActiveCfg = Release|Any CPU
		{BE96255A-2606-4388-BFF3-6ED426CEA2FD}.Release|iPhone.Build.0 = Release|Any CPU
		{BE96255A-2606-4388-BFF3-6ED426CEA2FD}.Release|iPhone.Deploy.0 = Release|Any CPU
		{BE96255A-2606-4388-BFF3-6ED426CEA2FD}.Release|iPhoneSimulator.ActiveCfg = Release|Any CPU
		{BE96255A-2606-4388-BFF3-6ED426CEA2FD}.Release|iPhoneSimulator.Build.0 = Release|Any CPU
		{BE96255A-2606-4388-BFF3-6ED426CEA2FD}.Release|iPhoneSimulator.Deploy.0 = Release|Any CPU
		{BE96255A-2606-4388-BFF3-6ED426CEA2FD}.Release|x64.ActiveCfg = Release|Any CPU
		{BE96255A-2606-4388-BFF3-6ED426CEA2FD}.Release|x64.Build.0 = Release|Any CPU
		{BE96255A-2606-4388-BFF3-6ED426CEA2FD}.Release|x64.Deploy.0 = Release|Any CPU
		{BE96255A-2606-4388-BFF3-6ED426CEA2FD}.Release|x86.ActiveCfg = Release|Any CPU
		{BE96255A-2606-4388-BFF3-6ED426CEA2FD}.Release|x86.Build.0 = Release|Any CPU
		{BE96255A-2606-4388-BFF3-6ED426CEA2FD}.Release|x86.Deploy.0 = Release|Any CPU
		{D600779D-FC27-4101-890E-947F6F98700D}.Debug|Any CPU.ActiveCfg = Debug|iPhone
		{D600779D-FC27-4101-890E-947F6F98700D}.Debug|Any CPU.Build.0 = Debug|iPhone
		{D600779D-FC27-4101-890E-947F6F98700D}.Debug|Any CPU.Deploy.0 = Debug|iPhone
		{D600779D-FC27-4101-890E-947F6F98700D}.Debug|ARM.ActiveCfg = Debug|iPhoneSimulator
		{D600779D-FC27-4101-890E-947F6F98700D}.Debug|ARM.Build.0 = Debug|iPhoneSimulator
		{D600779D-FC27-4101-890E-947F6F98700D}.Debug|ARM.Deploy.0 = Debug|iPhoneSimulator
		{D600779D-FC27-4101-890E-947F6F98700D}.Debug|iPhone.ActiveCfg = Debug|iPhone
		{D600779D-FC27-4101-890E-947F6F98700D}.Debug|iPhone.Build.0 = Debug|iPhone
		{D600779D-FC27-4101-890E-947F6F98700D}.Debug|iPhone.Deploy.0 = Debug|iPhone
		{D600779D-FC27-4101-890E-947F6F98700D}.Debug|iPhoneSimulator.ActiveCfg = Debug|iPhoneSimulator
		{D600779D-FC27-4101-890E-947F6F98700D}.Debug|iPhoneSimulator.Build.0 = Debug|iPhoneSimulator
		{D600779D-FC27-4101-890E-947F6F98700D}.Debug|iPhoneSimulator.Deploy.0 = Debug|iPhoneSimulator
		{D600779D-FC27-4101-890E-947F6F98700D}.Debug|x64.ActiveCfg = Debug|iPhone
		{D600779D-FC27-4101-890E-947F6F98700D}.Debug|x64.Build.0 = Debug|iPhone
		{D600779D-FC27-4101-890E-947F6F98700D}.Debug|x64.Deploy.0 = Debug|iPhone
		{D600779D-FC27-4101-890E-947F6F98700D}.Debug|x86.ActiveCfg = Debug|iPhone
		{D600779D-FC27-4101-890E-947F6F98700D}.Debug|x86.Build.0 = Debug|iPhone
		{D600779D-FC27-4101-890E-947F6F98700D}.Debug|x86.Deploy.0 = Debug|iPhone
		{D600779D-FC27-4101-890E-947F6F98700D}.Release|Any CPU.ActiveCfg = Release|iPhone
		{D600779D-FC27-4101-890E-947F6F98700D}.Release|Any CPU.Build.0 = Release|iPhone
		{D600779D-FC27-4101-890E-947F6F98700D}.Release|Any CPU.Deploy.0 = Release|iPhone
		{D600779D-FC27-4101-890E-947F6F98700D}.Release|ARM.ActiveCfg = Release|iPhone
		{D600779D-FC27-4101-890E-947F6F98700D}.Release|ARM.Build.0 = Release|iPhone
		{D600779D-FC27-4101-890E-947F6F98700D}.Release|ARM.Deploy.0 = Release|iPhone
		{D600779D-FC27-4101-890E-947F6F98700D}.Release|iPhone.ActiveCfg = Release|iPhone
		{D600779D-FC27-4101-890E-947F6F98700D}.Release|iPhone.Build.0 = Release|iPhone
		{D600779D-FC27-4101-890E-947F6F98700D}.Release|iPhone.Deploy.0 = Release|iPhone
		{D600779D-FC27-4101-890E-947F6F98700D}.Release|iPhoneSimulator.ActiveCfg = Release|iPhoneSimulator
		{D600779D-FC27-4101-890E-947F6F98700D}.Release|iPhoneSimulator.Build.0 = Release|iPhoneSimulator
		{D600779D-FC27-4101-890E-947F6F98700D}.Release|iPhoneSimulator.Deploy.0 = Release|iPhoneSimulator
		{D600779D-FC27-4101-890E-947F6F98700D}.Release|x64.ActiveCfg = Release|iPhone
		{D600779D-FC27-4101-890E-947F6F98700D}.Release|x64.Build.0 = Release|iPhone
		{D600779D-FC27-4101-890E-947F6F98700D}.Release|x64.Deploy.0 = Release|iPhone
		{D600779D-FC27-4101-890E-947F6F98700D}.Release|x86.ActiveCfg = Release|iPhone
		{D600779D-FC27-4101-890E-947F6F98700D}.Release|x86.Build.0 = Release|iPhone
		{D600779D-FC27-4101-890E-947F6F98700D}.Release|x86.Deploy.0 = Release|iPhone
		{908E089C-1528-41AC-B01F-2D657A3D7131}.Debug|Any CPU.ActiveCfg = Debug|Any CPU
		{908E089C-1528-41AC-B01F-2D657A3D7131}.Debug|Any CPU.Build.0 = Debug|Any CPU
		{908E089C-1528-41AC-B01F-2D657A3D7131}.Debug|Any CPU.Deploy.0 = Debug|Any CPU
		{908E089C-1528-41AC-B01F-2D657A3D7131}.Debug|ARM.ActiveCfg = Debug|Any CPU
		{908E089C-1528-41AC-B01F-2D657A3D7131}.Debug|ARM.Build.0 = Debug|Any CPU
		{908E089C-1528-41AC-B01F-2D657A3D7131}.Debug|ARM.Deploy.0 = Debug|Any CPU
		{908E089C-1528-41AC-B01F-2D657A3D7131}.Debug|iPhone.ActiveCfg = Debug|Any CPU
		{908E089C-1528-41AC-B01F-2D657A3D7131}.Debug|iPhone.Build.0 = Debug|Any CPU
		{908E089C-1528-41AC-B01F-2D657A3D7131}.Debug|iPhone.Deploy.0 = Debug|Any CPU
		{908E089C-1528-41AC-B01F-2D657A3D7131}.Debug|iPhoneSimulator.ActiveCfg = Debug|Any CPU
		{908E089C-1528-41AC-B01F-2D657A3D7131}.Debug|iPhoneSimulator.Build.0 = Debug|Any CPU
		{908E089C-1528-41AC-B01F-2D657A3D7131}.Debug|iPhoneSimulator.Deploy.0 = Debug|Any CPU
		{908E089C-1528-41AC-B01F-2D657A3D7131}.Debug|x64.ActiveCfg = Debug|Any CPU
		{908E089C-1528-41AC-B01F-2D657A3D7131}.Debug|x64.Build.0 = Debug|Any CPU
		{908E089C-1528-41AC-B01F-2D657A3D7131}.Debug|x64.Deploy.0 = Debug|Any CPU
		{908E089C-1528-41AC-B01F-2D657A3D7131}.Debug|x86.ActiveCfg = Debug|Any CPU
		{908E089C-1528-41AC-B01F-2D657A3D7131}.Debug|x86.Build.0 = Debug|Any CPU
		{908E089C-1528-41AC-B01F-2D657A3D7131}.Debug|x86.Deploy.0 = Debug|Any CPU
		{908E089C-1528-41AC-B01F-2D657A3D7131}.Release|Any CPU.ActiveCfg = Release|Any CPU
		{908E089C-1528-41AC-B01F-2D657A3D7131}.Release|Any CPU.Build.0 = Release|Any CPU
		{908E089C-1528-41AC-B01F-2D657A3D7131}.Release|Any CPU.Deploy.0 = Release|Any CPU
		{908E089C-1528-41AC-B01F-2D657A3D7131}.Release|ARM.ActiveCfg = Release|Any CPU
		{908E089C-1528-41AC-B01F-2D657A3D7131}.Release|ARM.Build.0 = Release|Any CPU
		{908E089C-1528-41AC-B01F-2D657A3D7131}.Release|ARM.Deploy.0 = Release|Any CPU
		{908E089C-1528-41AC-B01F-2D657A3D7131}.Release|iPhone.ActiveCfg = Release|Any CPU
		{908E089C-1528-41AC-B01F-2D657A3D7131}.Release|iPhone.Build.0 = Release|Any CPU
		{908E089C-1528-41AC-B01F-2D657A3D7131}.Release|iPhone.Deploy.0 = Release|Any CPU
		{908E089C-1528-41AC-B01F-2D657A3D7131}.Release|iPhoneSimulator.ActiveCfg = Release|Any CPU
		{908E089C-1528-41AC-B01F-2D657A3D7131}.Release|iPhoneSimulator.Build.0 = Release|Any CPU
		{908E089C-1528-41AC-B01F-2D657A3D7131}.Release|iPhoneSimulator.Deploy.0 = Release|Any CPU
		{908E089C-1528-41AC-B01F-2D657A3D7131}.Release|x64.ActiveCfg = Release|Any CPU
		{908E089C-1528-41AC-B01F-2D657A3D7131}.Release|x64.Build.0 = Release|Any CPU
		{908E089C-1528-41AC-B01F-2D657A3D7131}.Release|x64.Deploy.0 = Release|Any CPU
		{908E089C-1528-41AC-B01F-2D657A3D7131}.Release|x86.ActiveCfg = Release|Any CPU
		{908E089C-1528-41AC-B01F-2D657A3D7131}.Release|x86.Build.0 = Release|Any CPU
		{908E089C-1528-41AC-B01F-2D657A3D7131}.Release|x86.Deploy.0 = Release|Any CPU
	EndGlobalSection
	GlobalSection(SolutionProperties) = preSolution
		HideSolutionNode = FALSE
	EndGlobalSection
	GlobalSection(ExtensibilityGlobals) = postSolution
		SolutionGuid = {AE567391-B8EB-4CCF-ABC4-E6CE0E381CFB}
	EndGlobalSection
EndGlobal
